
Microsoft Visual Studio Solution File, Format Version 12.00
# Visual Studio Version 17
VisualStudioVersion = 17.6.33815.320
MinimumVisualStudioVersion = 10.0.40219.1
Project("{FAE04EC0-301F-11D3-BF4B-00C04F79EFBC}") = "Homework123", "Homework123\Homework123.csproj", "{B8B58078-AF90-42A8-BBD5-B0CB0659916A}"
EndProject
Global
	GlobalSection(SolutionConfigurationPlatforms) = preSolution
		Debug|Any CPU = Debug|Any CPU
		Release|Any CPU = Release|Any CPU
	EndGlobalSection
	GlobalSection(ProjectConfigurationPlatforms) = postSolution
		{B8B58078-AF90-42A8-BBD5-B0CB0659916A}.Debug|Any CPU.ActiveCfg = Debug|Any CPU
		{B8B58078-AF90-42A8-BBD5-B0CB0659916A}.Debug|Any CPU.Build.0 = Debug|Any CPU
		{B8B58078-AF90-42A8-BBD5-B0CB0659916A}.Release|Any CPU.ActiveCfg = Release|Any CPU
		{B8B58078-AF90-42A8-BBD5-B0CB0659916A}.Release|Any CPU.Build.0 = Release|Any CPU
	EndGlobalSection
	GlobalSection(SolutionProperties) = preSolution
		HideSolutionNode = FALSE
	EndGlobalSection
	GlobalSection(ExtensibilityGlobals) = postSolution
		SolutionGuid = {948A2598-DD3F-40E6-BAF7-B83D0538578E}
	EndGlobalSection
EndGlobal
